// !$*UTF8*$!
{
	archiveVersion = 1;
	classes = {
	};
	objectVersion = 55;
	objects = {

/* Begin PBXBuildFile section */
		9397E615279C8B700040E690 /* AppDelegate.swift in Sources */ = {isa = PBXBuildFile; fileRef = 9397E614279C8B700040E690 /* AppDelegate.swift */; };
		9397E617279C8B700040E690 /* SceneDelegate.swift in Sources */ = {isa = PBXBuildFile; fileRef = 9397E616279C8B700040E690 /* SceneDelegate.swift */; };
		9397E619279C8B700040E690 /* ViewController.swift in Sources */ = {isa = PBXBuildFile; fileRef = 9397E618279C8B700040E690 /* ViewController.swift */; };
		9397E61C279C8B700040E690 /* Main.storyboard in Resources */ = {isa = PBXBuildFile; fileRef = 9397E61A279C8B700040E690 /* Main.storyboard */; };
		9397E61E279C8B730040E690 /* Assets.xcassets in Resources */ = {isa = PBXBuildFile; fileRef = 9397E61D279C8B730040E690 /* Assets.xcassets */; };
		9397E621279C8B730040E690 /* LaunchScreen.storyboard in Resources */ = {isa = PBXBuildFile; fileRef = 9397E61F279C8B730040E690 /* LaunchScreen.storyboard */; };
		9397E62C279C8B740040E690 /* pbooraTests.swift in Sources */ = {isa = PBXBuildFile; fileRef = 9397E62B279C8B740040E690 /* pbooraTests.swift */; };
		9397E636279C8B740040E690 /* pbooraUITests.swift in Sources */ = {isa = PBXBuildFile; fileRef = 9397E635279C8B740040E690 /* pbooraUITests.swift */; };
		9397E638279C8B740040E690 /* pbooraUITestsLaunchTests.swift in Sources */ = {isa = PBXBuildFile; fileRef = 9397E637279C8B740040E690 /* pbooraUITestsLaunchTests.swift */; };
/* End PBXBuildFile section */

/* Begin PBXContainerItemProxy section */
		9397E628279C8B740040E690 /* PBXContainerItemProxy */ = {
			isa = PBXContainerItemProxy;
			containerPortal = 9397E609279C8B700040E690 /* Project object */;
			proxyType = 1;
			remoteGlobalIDString = 9397E610279C8B700040E690;
			remoteInfo = pboora;
		};
		9397E632279C8B740040E690 /* PBXContainerItemProxy */ = {
			isa = PBXContainerItemProxy;
			containerPortal = 9397E609279C8B700040E690 /* Project object */;
			proxyType = 1;
			remoteGlobalIDString = 9397E610279C8B700040E690;
			remoteInfo = pboora;
		};
/* End PBXContainerItemProxy section */

/* Begin PBXFileReference section */
		9397E611279C8B700040E690 /* Bakul.app */ = {isa = PBXFileReference; explicitFileType = wrapper.application; includeInIndex = 0; path = Bakul.app; sourceTree = BUILT_PRODUCTS_DIR; };
		9397E614279C8B700040E690 /* AppDelegate.swift */ = {isa = PBXFileReference; lastKnownFileType = sourcecode.swift; path = AppDelegate.swift; sourceTree = "<group>"; };
		9397E616279C8B700040E690 /* SceneDelegate.swift */ = {isa = PBXFileReference; lastKnownFileType = sourcecode.swift; path = SceneDelegate.swift; sourceTree = "<group>"; };
		9397E618279C8B700040E690 /* ViewController.swift */ = {isa = PBXFileReference; lastKnownFileType = sourcecode.swift; path = ViewController.swift; sourceTree = "<group>"; };
		9397E61B279C8B700040E690 /* Base */ = {isa = PBXFileReference; lastKnownFileType = file.storyboard; name = Base; path = Base.lproj/Main.storyboard; sourceTree = "<group>"; };
		9397E61D279C8B730040E690 /* Assets.xcassets */ = {isa = PBXFileReference; lastKnownFileType = folder.assetcatalog; path = Assets.xcassets; sourceTree = "<group>"; };
		9397E620279C8B730040E690 /* Base */ = {isa = PBXFileReference; lastKnownFileType = file.storyboard; name = Base; path = Base.lproj/LaunchScreen.storyboard; sourceTree = "<group>"; };
		9397E622279C8B730040E690 /* Info.plist */ = {isa = PBXFileReference; lastKnownFileType = text.plist.xml; path = Info.plist; sourceTree = "<group>"; };
		9397E627279C8B740040E690 /* BakulTests.xctest */ = {isa = PBXFileReference; explicitFileType = wrapper.cfbundle; includeInIndex = 0; path = BakulTests.xctest; sourceTree = BUILT_PRODUCTS_DIR; };
		9397E62B279C8B740040E690 /* pbooraTests.swift */ = {isa = PBXFileReference; lastKnownFileType = sourcecode.swift; path = pbooraTests.swift; sourceTree = "<group>"; };
		9397E631279C8B740040E690 /* BakulUITests.xctest */ = {isa = PBXFileReference; explicitFileType = wrapper.cfbundle; includeInIndex = 0; path = BakulUITests.xctest; sourceTree = BUILT_PRODUCTS_DIR; };
		9397E635279C8B740040E690 /* pbooraUITests.swift */ = {isa = PBXFileReference; lastKnownFileType = sourcecode.swift; path = pbooraUITests.swift; sourceTree = "<group>"; };
		9397E637279C8B740040E690 /* pbooraUITestsLaunchTests.swift */ = {isa = PBXFileReference; lastKnownFileType = sourcecode.swift; path = pbooraUITestsLaunchTests.swift; sourceTree = "<group>"; };
/* End PBXFileReference section */

/* Begin PBXFrameworksBuildPhase section */
		9397E60E279C8B700040E690 /* Frameworks */ = {
			isa = PBXFrameworksBuildPhase;
			buildActionMask = 2147483647;
			files = (
			);
			runOnlyForDeploymentPostprocessing = 0;
		};
		9397E624279C8B740040E690 /* Frameworks */ = {
			isa = PBXFrameworksBuildPhase;
			buildActionMask = 2147483647;
			files = (
			);
			runOnlyForDeploymentPostprocessing = 0;
		};
		9397E62E279C8B740040E690 /* Frameworks */ = {
			isa = PBXFrameworksBuildPhase;
			buildActionMask = 2147483647;
			files = (
			);
			runOnlyForDeploymentPostprocessing = 0;
		};
/* End PBXFrameworksBuildPhase section */

/* Begin PBXGroup section */
		9397E608279C8B700040E690 = {
			isa = PBXGroup;
			children = (
				9397E613279C8B700040E690 /* pboora */,
				9397E62A279C8B740040E690 /* pbooraTests */,
				9397E634279C8B740040E690 /* pbooraUITests */,
				9397E612279C8B700040E690 /* Products */,
			);
			sourceTree = "<group>";
		};
		9397E612279C8B700040E690 /* Products */ = {
			isa = PBXGroup;
			children = (
				9397E611279C8B700040E690 /* Bakul.app */,
				9397E627279C8B740040E690 /* BakulTests.xctest */,
				9397E631279C8B740040E690 /* BakulUITests.xctest */,
			);
			name = Products;
			sourceTree = "<group>";
		};
		9397E613279C8B700040E690 /* pboora */ = {
			isa = PBXGroup;
			children = (
				9397E614279C8B700040E690 /* AppDelegate.swift */,
				9397E616279C8B700040E690 /* SceneDelegate.swift */,
				9397E618279C8B700040E690 /* ViewController.swift */,
				9397E61A279C8B700040E690 /* Main.storyboard */,
				9397E61D279C8B730040E690 /* Assets.xcassets */,
				9397E61F279C8B730040E690 /* LaunchScreen.storyboard */,
				9397E622279C8B730040E690 /* Info.plist */,
			);
			path = pboora;
			sourceTree = "<group>";
		};
		9397E62A279C8B740040E690 /* pbooraTests */ = {
			isa = PBXGroup;
			children = (
				9397E62B279C8B740040E690 /* pbooraTests.swift */,
			);
			path = pbooraTests;
			sourceTree = "<group>";
		};
		9397E634279C8B740040E690 /* pbooraUITests */ = {
			isa = PBXGroup;
			children = (
				9397E635279C8B740040E690 /* pbooraUITests.swift */,
				9397E637279C8B740040E690 /* pbooraUITestsLaunchTests.swift */,
			);
			path = pbooraUITests;
			sourceTree = "<group>";
		};
/* End PBXGroup section */

/* Begin PBXNativeTarget section */
		9397E610279C8B700040E690 /* Bakul */ = {
			isa = PBXNativeTarget;
			buildConfigurationList = 9397E63B279C8B740040E690 /* Build configuration list for PBXNativeTarget "Bakul" */;
			buildPhases = (
				9397E60D279C8B700040E690 /* Sources */,
				9397E60E279C8B700040E690 /* Frameworks */,
				9397E60F279C8B700040E690 /* Resources */,
			);
			buildRules = (
			);
			dependencies = (
			);
			name = Bakul;
			productName = pboora;
			productReference = 9397E611279C8B700040E690 /* Bakul.app */;
			productType = "com.apple.product-type.application";
		};
		9397E626279C8B740040E690 /* BakulTests */ = {
			isa = PBXNativeTarget;
			buildConfigurationList = 9397E63E279C8B740040E690 /* Build configuration list for PBXNativeTarget "BakulTests" */;
			buildPhases = (
				9397E623279C8B740040E690 /* Sources */,
				9397E624279C8B740040E690 /* Frameworks */,
				9397E625279C8B740040E690 /* Resources */,
			);
			buildRules = (
			);
			dependencies = (
				9397E629279C8B740040E690 /* PBXTargetDependency */,
			);
			name = BakulTests;
			productName = pbooraTests;
			productReference = 9397E627279C8B740040E690 /* BakulTests.xctest */;
			productType = "com.apple.product-type.bundle.unit-test";
		};
		9397E630279C8B740040E690 /* BakulUITests */ = {
			isa = PBXNativeTarget;
			buildConfigurationList = 9397E641279C8B740040E690 /* Build configuration list for PBXNativeTarget "BakulUITests" */;
			buildPhases = (
				9397E62D279C8B740040E690 /* Sources */,
				9397E62E279C8B740040E690 /* Frameworks */,
				9397E62F279C8B740040E690 /* Resources */,
			);
			buildRules = (
			);
			dependencies = (
				9397E633279C8B740040E690 /* PBXTargetDependency */,
			);
			name = BakulUITests;
			productName = pbooraUITests;
			productReference = 9397E631279C8B740040E690 /* BakulUITests.xctest */;
			productType = "com.apple.product-type.bundle.ui-testing";
		};
/* End PBXNativeTarget section */

/* Begin PBXProject section */
		9397E609279C8B700040E690 /* Project object */ = {
			isa = PBXProject;
			attributes = {
				BuildIndependentTargetsInParallel = 1;
				LastSwiftUpdateCheck = 1320;
				LastUpgradeCheck = 1320;
				TargetAttributes = {
					9397E610279C8B700040E690 = {
						CreatedOnToolsVersion = 13.2.1;
					};
					9397E626279C8B740040E690 = {
						CreatedOnToolsVersion = 13.2.1;
						TestTargetID = 9397E610279C8B700040E690;
					};
					9397E630279C8B740040E690 = {
						CreatedOnToolsVersion = 13.2.1;
						TestTargetID = 9397E610279C8B700040E690;
					};
				};
			};
			buildConfigurationList = 9397E60C279C8B700040E690 /* Build configuration list for PBXProject "Bakul" */;
			compatibilityVersion = "Xcode 13.0";
			developmentRegion = en;
			hasScannedForEncodings = 0;
			knownRegions = (
				en,
				Base,
			);
			mainGroup = 9397E608279C8B700040E690;
			productRefGroup = 9397E612279C8B700040E690 /* Products */;
			projectDirPath = "";
			projectRoot = "";
			targets = (
				9397E610279C8B700040E690 /* Bakul */,
				9397E626279C8B740040E690 /* BakulTests */,
				9397E630279C8B740040E690 /* BakulUITests */,
			);
		};
/* End PBXProject section */

/* Begin PBXResourcesBuildPhase section */
		9397E60F279C8B700040E690 /* Resources */ = {
			isa = PBXResourcesBuildPhase;
			buildActionMask = 2147483647;
			files = (
				9397E621279C8B730040E690 /* LaunchScreen.storyboard in Resources */,
				9397E61E279C8B730040E690 /* Assets.xcassets in Resources */,
				9397E61C279C8B700040E690 /* Main.storyboard in Resources */,
			);
			runOnlyForDeploymentPostprocessing = 0;
		};
		9397E625279C8B740040E690 /* Resources */ = {
			isa = PBXResourcesBuildPhase;
			buildActionMask = 2147483647;
			files = (
			);
			runOnlyForDeploymentPostprocessing = 0;
		};
		9397E62F279C8B740040E690 /* Resources */ = {
			isa = PBXResourcesBuildPhase;
			buildActionMask = 2147483647;
			files = (
			);
			runOnlyForDeploymentPostprocessing = 0;
		};
/* End PBXResourcesBuildPhase section */

/* Begin PBXSourcesBuildPhase section */
		9397E60D279C8B700040E690 /* Sources */ = {
			isa = PBXSourcesBuildPhase;
			buildActionMask = 2147483647;
			files = (
				9397E619279C8B700040E690 /* ViewController.swift in Sources */,
				9397E615279C8B700040E690 /* AppDelegate.swift in Sources */,
				9397E617279C8B700040E690 /* SceneDelegate.swift in Sources */,
			);
			runOnlyForDeploymentPostprocessing = 0;
		};
		9397E623279C8B740040E690 /* Sources */ = {
			isa = PBXSourcesBuildPhase;
			buildActionMask = 2147483647;
			files = (
				9397E62C279C8B740040E690 /* pbooraTests.swift in Sources */,
			);
			runOnlyForDeploymentPostprocessing = 0;
		};
		9397E62D279C8B740040E690 /* Sources */ = {
			isa = PBXSourcesBuildPhase;
			buildActionMask = 2147483647;
			files = (
				9397E636279C8B740040E690 /* pbooraUITests.swift in Sources */,
				9397E638279C8B740040E690 /* pbooraUITestsLaunchTests.swift in Sources */,
			);
			runOnlyForDeploymentPostprocessing = 0;
		};
/* End PBXSourcesBuildPhase section */

/* Begin PBXTargetDependency section */
		9397E629279C8B740040E690 /* PBXTargetDependency */ = {
			isa = PBXTargetDependency;
			target = 9397E610279C8B700040E690 /* Bakul */;
			targetProxy = 9397E628279C8B740040E690 /* PBXContainerItemProxy */;
		};
		9397E633279C8B740040E690 /* PBXTargetDependency */ = {
			isa = PBXTargetDependency;
			target = 9397E610279C8B700040E690 /* Bakul */;
			targetProxy = 9397E632279C8B740040E690 /* PBXContainerItemProxy */;
		};
/* End PBXTargetDependency section */

/* Begin PBXVariantGroup section */
		9397E61A279C8B700040E690 /* Main.storyboard */ = {
			isa = PBXVariantGroup;
			children = (
				9397E61B279C8B700040E690 /* Base */,
			);
			name = Main.storyboard;
			sourceTree = "<group>";
		};
		9397E61F279C8B730040E690 /* LaunchScreen.storyboard */ = {
			isa = PBXVariantGroup;
			children = (
				9397E620279C8B730040E690 /* Base */,
			);
			name = LaunchScreen.storyboard;
			sourceTree = "<group>";
		};
/* End PBXVariantGroup section */

/* Begin XCBuildConfiguration section */
		9397E639279C8B740040E690 /* Debug */ = {
			isa = XCBuildConfiguration;
			buildSettings = {
				ALWAYS_SEARCH_USER_PATHS = NO;
				CLANG_ANALYZER_NONNULL = YES;
				CLANG_ANALYZER_NUMBER_OBJECT_CONVERSION = YES_AGGRESSIVE;
				CLANG_CXX_LANGUAGE_STANDARD = "gnu++17";
				CLANG_CXX_LIBRARY = "libc++";
				CLANG_ENABLE_MODULES = YES;
				CLANG_ENABLE_OBJC_ARC = YES;
				CLANG_ENABLE_OBJC_WEAK = YES;
				CLANG_WARN_BLOCK_CAPTURE_AUTORELEASING = YES;
				CLANG_WARN_BOOL_CONVERSION = YES;
				CLANG_WARN_COMMA = YES;
				CLANG_WARN_CONSTANT_CONVERSION = YES;
				CLANG_WARN_DEPRECATED_OBJC_IMPLEMENTATIONS = YES;
				CLANG_WARN_DIRECT_OBJC_ISA_USAGE = YES_ERROR;
				CLANG_WARN_DOCUMENTATION_COMMENTS = YES;
				CLANG_WARN_EMPTY_BODY = YES;
				CLANG_WARN_ENUM_CONVERSION = YES;
				CLANG_WARN_INFINITE_RECURSION = YES;
				CLANG_WARN_INT_CONVERSION = YES;
				CLANG_WARN_NON_LITERAL_NULL_CONVERSION = YES;
				CLANG_WARN_OBJC_IMPLICIT_RETAIN_SELF = YES;
				CLANG_WARN_OBJC_LITERAL_CONVERSION = YES;
				CLANG_WARN_OBJC_ROOT_CLASS = YES_ERROR;
				CLANG_WARN_QUOTED_INCLUDE_IN_FRAMEWORK_HEADER = YES;
				CLANG_WARN_RANGE_LOOP_ANALYSIS = YES;
				CLANG_WARN_STRICT_PROTOTYPES = YES;
				CLANG_WARN_SUSPICIOUS_MOVE = YES;
				CLANG_WARN_UNGUARDED_AVAILABILITY = YES_AGGRESSIVE;
				CLANG_WARN_UNREACHABLE_CODE = YES;
				CLANG_WARN__DUPLICATE_METHOD_MATCH = YES;
				COPY_PHASE_STRIP = NO;
				DEBUG_INFORMATION_FORMAT = dwarf;
				ENABLE_STRICT_OBJC_MSGSEND = YES;
				ENABLE_TESTABILITY = YES;
				GCC_C_LANGUAGE_STANDARD = gnu11;
				GCC_DYNAMIC_NO_PIC = NO;
				GCC_NO_COMMON_BLOCKS = YES;
				GCC_OPTIMIZATION_LEVEL = 0;
				GCC_PREPROCESSOR_DEFINITIONS = (
					"DEBUG=1",
					"$(inherited)",
				);
				GCC_WARN_64_TO_32_BIT_CONVERSION = YES;
				GCC_WARN_ABOUT_RETURN_TYPE = YES_ERROR;
				GCC_WARN_UNDECLARED_SELECTOR = YES;
				GCC_WARN_UNINITIALIZED_AUTOS = YES_AGGRESSIVE;
				GCC_WARN_UNUSED_FUNCTION = YES;
				GCC_WARN_UNUSED_VARIABLE = YES;
				IPHONEOS_DEPLOYMENT_TARGET = 15.2;
				MTL_ENABLE_DEBUG_INFO = INCLUDE_SOURCE;
				MTL_FAST_MATH = YES;
				ONLY_ACTIVE_ARCH = YES;
				SDKROOT = iphoneos;
				SWIFT_ACTIVE_COMPILATION_CONDITIONS = DEBUG;
				SWIFT_OPTIMIZATION_LEVEL = "-Onone";
			};
			name = Debug;
		};
		9397E63A279C8B740040E690 /* Release */ = {
			isa = XCBuildConfiguration;
			buildSettings = {
				ALWAYS_SEARCH_USER_PATHS = NO;
				CLANG_ANALYZER_NONNULL = YES;
				CLANG_ANALYZER_NUMBER_OBJECT_CONVERSION = YES_AGGRESSIVE;
				CLANG_CXX_LANGUAGE_STANDARD = "gnu++17";
				CLANG_CXX_LIBRARY = "libc++";
				CLANG_ENABLE_MODULES = YES;
				CLANG_ENABLE_OBJC_ARC = YES;
				CLANG_ENABLE_OBJC_WEAK = YES;
				CLANG_WARN_BLOCK_CAPTURE_AUTORELEASING = YES;
				CLANG_WARN_BOOL_CONVERSION = YES;
				CLANG_WARN_COMMA = YES;
				CLANG_WARN_CONSTANT_CONVERSION = YES;
				CLANG_WARN_DEPRECATED_OBJC_IMPLEMENTATIONS = YES;
				CLANG_WARN_DIRECT_OBJC_ISA_USAGE = YES_ERROR;
				CLANG_WARN_DOCUMENTATION_COMMENTS = YES;
				CLANG_WARN_EMPTY_BODY = YES;
				CLANG_WARN_ENUM_CONVERSION = YES;
				CLANG_WARN_INFINITE_RECURSION = YES;
				CLANG_WARN_INT_CONVERSION = YES;
				CLANG_WARN_NON_LITERAL_NULL_CONVERSION = YES;
				CLANG_WARN_OBJC_IMPLICIT_RETAIN_SELF = YES;
				CLANG_WARN_OBJC_LITERAL_CONVERSION = YES;
				CLANG_WARN_OBJC_ROOT_CLASS = YES_ERROR;
				CLANG_WARN_QUOTED_INCLUDE_IN_FRAMEWORK_HEADER = YES;
				CLANG_WARN_RANGE_LOOP_ANALYSIS = YES;
				CLANG_WARN_STRICT_PROTOTYPES = YES;
				CLANG_WARN_SUSPICIOUS_MOVE = YES;
				CLANG_WARN_UNGUARDED_AVAILABILITY = YES_AGGRESSIVE;
				CLANG_WARN_UNREACHABLE_CODE = YES;
				CLANG_WARN__DUPLICATE_METHOD_MATCH = YES;
				COPY_PHASE_STRIP = NO;
				DEBUG_INFORMATION_FORMAT = "dwarf-with-dsym";
				ENABLE_NS_ASSERTIONS = NO;
				ENABLE_STRICT_OBJC_MSGSEND = YES;
				GCC_C_LANGUAGE_STANDARD = gnu11;
				GCC_NO_COMMON_BLOCKS = YES;
				GCC_WARN_64_TO_32_BIT_CONVERSION = YES;
				GCC_WARN_ABOUT_RETURN_TYPE = YES_ERROR;
				GCC_WARN_UNDECLARED_SELECTOR = YES;
				GCC_WARN_UNINITIALIZED_AUTOS = YES_AGGRESSIVE;
				GCC_WARN_UNUSED_FUNCTION = YES;
				GCC_WARN_UNUSED_VARIABLE = YES;
				IPHONEOS_DEPLOYMENT_TARGET = 15.2;
				MTL_ENABLE_DEBUG_INFO = NO;
				MTL_FAST_MATH = YES;
				SDKROOT = iphoneos;
				SWIFT_COMPILATION_MODE = wholemodule;
				SWIFT_OPTIMIZATION_LEVEL = "-O";
				VALIDATE_PRODUCT = YES;
			};
			name = Release;
		};
		9397E63C279C8B740040E690 /* Debug */ = {
			isa = XCBuildConfiguration;
			buildSettings = {
				ASSETCATALOG_COMPILER_APPICON_NAME = AppIcon;
				ASSETCATALOG_COMPILER_GLOBAL_ACCENT_COLOR_NAME = AccentColor;
				CODE_SIGN_STYLE = Automatic;
				CURRENT_PROJECT_VERSION = 1;
				DEVELOPMENT_TEAM = 5VFAU8TGAT;
				GENERATE_INFOPLIST_FILE = YES;
				INFOPLIST_FILE = pboora/Info.plist;
				INFOPLIST_KEY_UIApplicationSupportsIndirectInputEvents = YES;
				INFOPLIST_KEY_UILaunchStoryboardName = LaunchScreen;
				INFOPLIST_KEY_UIMainStoryboardFile = Main;
				INFOPLIST_KEY_UISupportedInterfaceOrientations_iPad = "UIInterfaceOrientationPortrait UIInterfaceOrientationPortraitUpsideDown UIInterfaceOrientationLandscapeLeft UIInterfaceOrientationLandscapeRight";
				INFOPLIST_KEY_UISupportedInterfaceOrientations_iPhone = "UIInterfaceOrientationPortrait UIInterfaceOrientationLandscapeLeft UIInterfaceOrientationLandscapeRight";
				LD_RUNPATH_SEARCH_PATHS = (
					"$(inherited)",
					"@executable_path/Frameworks",
				);
				MARKETING_VERSION = 1.0;
				PRODUCT_BUNDLE_IDENTIFIER = com.pboora.pboora;
				PRODUCT_NAME = "$(TARGET_NAME)";
				SWIFT_EMIT_LOC_STRINGS = YES;
				SWIFT_VERSION = 5.0;
				TARGETED_DEVICE_FAMILY = "1,2";
			};
			name = Debug;
		};
		9397E63D279C8B740040E690 /* Release */ = {
			isa = XCBuildConfiguration;
			buildSettings = {
				ASSETCATALOG_COMPILER_APPICON_NAME = AppIcon;
				ASSETCATALOG_COMPILER_GLOBAL_ACCENT_COLOR_NAME = AccentColor;
				CODE_SIGN_STYLE = Automatic;
				CURRENT_PROJECT_VERSION = 1;
				DEVELOPMENT_TEAM = 5VFAU8TGAT;
				GENERATE_INFOPLIST_FILE = YES;
				INFOPLIST_FILE = pboora/Info.plist;
				INFOPLIST_KEY_UIApplicationSupportsIndirectInputEvents = YES;
				INFOPLIST_KEY_UILaunchStoryboardName = LaunchScreen;
				INFOPLIST_KEY_UIMainStoryboardFile = Main;
				INFOPLIST_KEY_UISupportedInterfaceOrientations_iPad = "UIInterfaceOrientationPortrait UIInterfaceOrientationPortraitUpsideDown UIInterfaceOrientationLandscapeLeft UIInterfaceOrientationLandscapeRight";
				INFOPLIST_KEY_UISupportedInterfaceOrientations_iPhone = "UIInterfaceOrientationPortrait UIInterfaceOrientationLandscapeLeft UIInterfaceOrientationLandscapeRight";
				LD_RUNPATH_SEARCH_PATHS = (
					"$(inherited)",
					"@executable_path/Frameworks",
				);
				MARKETING_VERSION = 1.0;
				PRODUCT_BUNDLE_IDENTIFIER = com.pboora.pboora;
				PRODUCT_NAME = "$(TARGET_NAME)";
				SWIFT_EMIT_LOC_STRINGS = YES;
				SWIFT_VERSION = 5.0;
				TARGETED_DEVICE_FAMILY = "1,2";
			};
			name = Release;
		};
		9397E63F279C8B740040E690 /* Debug */ = {
			isa = XCBuildConfiguration;
			buildSettings = {
				ALWAYS_EMBED_SWIFT_STANDARD_LIBRARIES = YES;
				BUNDLE_LOADER = "$(TEST_HOST)";
				CODE_SIGN_STYLE = Automatic;
				CURRENT_PROJECT_VERSION = 1;
				GENERATE_INFOPLIST_FILE = YES;
				IPHONEOS_DEPLOYMENT_TARGET = 15.2;
				MARKETING_VERSION = 1.0;
				PRODUCT_BUNDLE_IDENTIFIER = com.pboora.pbooraTests;
				PRODUCT_NAME = "$(TARGET_NAME)";
				SWIFT_EMIT_LOC_STRINGS = NO;
				SWIFT_VERSION = 5.0;
				TARGETED_DEVICE_FAMILY = "1,2";
				TEST_HOST = "$(BUILT_PRODUCTS_DIR)/Bakul.app/Bakul";
			};
			name = Debug;
		};
		9397E640279C8B740040E690 /* Release */ = {
			isa = XCBuildConfiguration;
			buildSettings = {
				ALWAYS_EMBED_SWIFT_STANDARD_LIBRARIES = YES;
				BUNDLE_LOADER = "$(TEST_HOST)";
				CODE_SIGN_STYLE = Automatic;
				CURRENT_PROJECT_VERSION = 1;
				GENERATE_INFOPLIST_FILE = YES;
				IPHONEOS_DEPLOYMENT_TARGET = 15.2;
				MARKETING_VERSION = 1.0;
				PRODUCT_BUNDLE_IDENTIFIER = com.pboora.pbooraTests;
				PRODUCT_NAME = "$(TARGET_NAME)";
				SWIFT_EMIT_LOC_STRINGS = NO;
				SWIFT_VERSION = 5.0;
				TARGETED_DEVICE_FAMILY = "1,2";
				TEST_HOST = "$(BUILT_PRODUCTS_DIR)/Bakul.app/Bakul";
			};
			name = Release;
		};
		9397E642279C8B740040E690 /* Debug */ = {
			isa = XCBuildConfiguration;
			buildSettings = {
				ALWAYS_EMBED_SWIFT_STANDARD_LIBRARIES = YES;
				CODE_SIGN_STYLE = Automatic;
				CURRENT_PROJECT_VERSION = 1;
				GENERATE_INFOPLIST_FILE = YES;
				MARKETING_VERSION = 1.0;
				PRODUCT_BUNDLE_IDENTIFIER = com.pboora.pbooraUITests;
				PRODUCT_NAME = "$(TARGET_NAME)";
				SWIFT_EMIT_LOC_STRINGS = NO;
				SWIFT_VERSION = 5.0;
				TARGETED_DEVICE_FAMILY = "1,2";
				TEST_TARGET_NAME = pboora;
			};
			name = Debug;
		};
		9397E643279C8B740040E690 /* Release */ = {
			isa = XCBuildConfiguration;
			buildSettings = {
				ALWAYS_EMBED_SWIFT_STANDARD_LIBRARIES = YES;
				CODE_SIGN_STYLE = Automatic;
				CURRENT_PROJECT_VERSION = 1;
				GENERATE_INFOPLIST_FILE = YES;
				MARKETING_VERSION = 1.0;
				PRODUCT_BUNDLE_IDENTIFIER = com.pboora.pbooraUITests;
				PRODUCT_NAME = "$(TARGET_NAME)";
				SWIFT_EMIT_LOC_STRINGS = NO;
				SWIFT_VERSION = 5.0;
				TARGETED_DEVICE_FAMILY = "1,2";
				TEST_TARGET_NAME = pboora;
			};
			name = Release;
		};
/* End XCBuildConfiguration section */

/* Begin XCConfigurationList section */
		9397E60C279C8B700040E690 /* Build configuration list for PBXProject "Bakul" */ = {
			isa = XCConfigurationList;
			buildConfigurations = (
				9397E639279C8B740040E690 /* Debug */,
				9397E63A279C8B740040E690 /* Release */,
			);
			defaultConfigurationIsVisible = 0;
			defaultConfigurationName = Release;
		};
		9397E63B279C8B740040E690 /* Build configuration list for PBXNativeTarget "Bakul" */ = {
			isa = XCConfigurationList;
			buildConfigurations = (
				9397E63C279C8B740040E690 /* Debug */,
				9397E63D279C8B740040E690 /* Release */,
			);
			defaultConfigurationIsVisible = 0;
			defaultConfigurationName = Release;
		};
		9397E63E279C8B740040E690 /* Build configuration list for PBXNativeTarget "BakulTests" */ = {
			isa = XCConfigurationList;
			buildConfigurations = (
				9397E63F279C8B740040E690 /* Debug */,
				9397E640279C8B740040E690 /* Release */,
			);
			defaultConfigurationIsVisible = 0;
			defaultConfigurationName = Release;
		};
		9397E641279C8B740040E690 /* Build configuration list for PBXNativeTarget "BakulUITests" */ = {
			isa = XCConfigurationList;
			buildConfigurations = (
				9397E642279C8B740040E690 /* Debug */,
				9397E643279C8B740040E690 /* Release */,
			);
			defaultConfigurationIsVisible = 0;
			defaultConfigurationName = Release;
		};
/* End XCConfigurationList section */
	};
	rootObject = 9397E609279C8B700040E690 /* Project object */;
}
